
Microsoft Visual Studio Solution File, Format Version 12.00
# Visual Studio Version 17
VisualStudioVersion = 17.13.35919.96 d17.13
MinimumVisualStudioVersion = 10.0.40219.1
Project("{FAE04EC0-301F-11D3-BF4B-00C04F79EFBC}") = "ParsingXML", "ParsingXML\ParsingXML.csproj", "{B54022CF-C683-454F-A123-03AFEE15ED92}"
EndProject
Global
	GlobalSection(SolutionConfigurationPlatforms) = preSolution
		Debug|Any CPU = Debug|Any CPU
		Release|Any CPU = Release|Any CPU
	EndGlobalSection
	GlobalSection(ProjectConfigurationPlatforms) = postSolution
		{B54022CF-C683-454F-A123-03AFEE15ED92}.Debug|Any CPU.ActiveCfg = Debug|Any CPU
		{B54022CF-C683-454F-A123-03AFEE15ED92}.Debug|Any CPU.Build.0 = Debug|Any CPU
		{B54022CF-C683-454F-A123-03AFEE15ED92}.Release|Any CPU.ActiveCfg = Release|Any CPU
		{B54022CF-C683-454F-A123-03AFEE15ED92}.Release|Any CPU.Build.0 = Release|Any CPU
	EndGlobalSection
	GlobalSection(SolutionProperties) = preSolution
		HideSolutionNode = FALSE
	EndGlobalSection
	GlobalSection(ExtensibilityGlobals) = postSolution
		SolutionGuid = {DCD9F114-4288-4690-B193-98F728E0E940}
	EndGlobalSection
EndGlobal
